
Microsoft Visual Studio Solution File, Format Version 12.00
# Visual Studio Version 17
VisualStudioVersion = 17.13.35913.81 d17.13
MinimumVisualStudioVersion = 10.0.40219.1
Project("{FAE04EC0-301F-11D3-BF4B-00C04F79EFBC}") = "Bijou", "Bijou.csproj", "{DBFCC1E6-45A8-45F1-8303-F98E15CF871D}"
EndProject
Global
	GlobalSection(SolutionConfigurationPlatforms) = preSolution
		Debug|Any CPU = Debug|Any CPU
		Release|Any CPU = Release|Any CPU
	EndGlobalSection
	GlobalSection(ProjectConfigurationPlatforms) = postSolution
		{DBFCC1E6-45A8-45F1-8303-F98E15CF871D}.Debug|Any CPU.ActiveCfg = Debug|Any CPU
		{DBFCC1E6-45A8-45F1-8303-F98E15CF871D}.Debug|Any CPU.Build.0 = Debug|Any CPU
		{DBFCC1E6-45A8-45F1-8303-F98E15CF871D}.Release|Any CPU.ActiveCfg = Release|Any CPU
		{DBFCC1E6-45A8-45F1-8303-F98E15CF871D}.Release|Any CPU.Build.0 = Release|Any CPU
	EndGlobalSection
	GlobalSection(SolutionProperties) = preSolution
		HideSolutionNode = FALSE
	EndGlobalSection
	GlobalSection(ExtensibilityGlobals) = postSolution
		SolutionGuid = {2E50B27B-81F1-43EA-BA65-D14DB73D3AB1}
	EndGlobalSection
EndGlobal
